
Microsoft Visual Studio Solution File, Format Version 12.00
# Visual Studio Version 17
VisualStudioVersion = 17.9.34902.65
MinimumVisualStudioVersion = 10.0.40219.1
Project("{9A19103F-16F7-4668-BE54-9A1E7A4F7556}") = "Student Courses and Info Q2", "Student Courses and Info Q2.csproj", "{C5F56D75-8302-4066-8FBA-3E3B19B4C403}"
EndProject
Global
	GlobalSection(SolutionConfigurationPlatforms) = preSolution
		Debug|Any CPU = Debug|Any CPU
		Release|Any CPU = Release|Any CPU
	EndGlobalSection
	GlobalSection(ProjectConfigurationPlatforms) = postSolution
		{C5F56D75-8302-4066-8FBA-3E3B19B4C403}.Debug|Any CPU.ActiveCfg = Debug|Any CPU
		{C5F56D75-8302-4066-8FBA-3E3B19B4C403}.Debug|Any CPU.Build.0 = Debug|Any CPU
		{C5F56D75-8302-4066-8FBA-3E3B19B4C403}.Release|Any CPU.ActiveCfg = Release|Any CPU
		{C5F56D75-8302-4066-8FBA-3E3B19B4C403}.Release|Any CPU.Build.0 = Release|Any CPU
	EndGlobalSection
	GlobalSection(SolutionProperties) = preSolution
		HideSolutionNode = FALSE
	EndGlobalSection
	GlobalSection(ExtensibilityGlobals) = postSolution
		SolutionGuid = {97C783F8-0B90-4ECF-B982-6EFC5486E955}
	EndGlobalSection
EndGlobal
